// !$*UTF8*$!
{
	archiveVersion = 1;
	classes = {
	};
	objectVersion = 77;
	objects = {

/* Begin PBXBuildFile section */
		06720FBE3247BECA14E5BE9D /* demo-forest.png in Resources */ = {isa = PBXBuildFile; fileRef = F39B00A4C824AF012E7537BD /* demo-forest.png */; };
		07D0BDA5185A7D9769FF4E81 /* PreviewPane.swift in Sources */ = {isa = PBXBuildFile; fileRef = 9DC1354E4EC383D845FE2D7A /* PreviewPane.swift */; };
		08CD41961A3E1632DB0D4256 /* Models.swift in Sources */ = {isa = PBXBuildFile; fileRef = 2B9C15B9609A8CAED2BBD620 /* Models.swift */; };
		09926E3E73856F45B88ADD2A /* QuickLookController.swift in Sources */ = {isa = PBXBuildFile; fileRef = CDFD72BDB677E4DD2A8438F1 /* QuickLookController.swift */; };
		09A8521EA9BC3B7980F57DE9 /* TutorialHost.swift in Sources */ = {isa = PBXBuildFile; fileRef = E74FA855F8AE9485FD406E40 /* TutorialHost.swift */; };
		205BA07F5ED297F3FF765B28 /* Overlap.icns in Resources */ = {isa = PBXBuildFile; fileRef = 1E9FE1CD98B00C98579C61B8 /* Overlap.icns */; };
		2D4AF165C4F11F21C17491F6 /* ThumbnailCell.swift in Sources */ = {isa = PBXBuildFile; fileRef = 956C68E832660A3C577EDC5B /* ThumbnailCell.swift */; };
		41569B206A51BC0ABE25BE60 /* OverlapApp.swift in Sources */ = {isa = PBXBuildFile; fileRef = E5E2D644A019FBE86AB4F2C6 /* OverlapApp.swift */; };
		4160A953929876308C393B85 /* ResultsGridView.swift in Sources */ = {isa = PBXBuildFile; fileRef = 9C8E8108F1CA14CBFA3F0830 /* ResultsGridView.swift */; };
		439F4D9D19376597EA4CD7B7 /* demo-flower.png in Resources */ = {isa = PBXBuildFile; fileRef = F3ADE828C6C52EBADC2E1567 /* demo-flower.png */; };
		44AF7A81E7208F108B82F633 /* QueryBar.swift in Sources */ = {isa = PBXBuildFile; fileRef = 89A47F300D6D684652E8A861 /* QueryBar.swift */; };
		516197EC1F6C0FE2A8206282 /* TVExceptionCatcher.m in Sources */ = {isa = PBXBuildFile; fileRef = FD655206D88A960895B7C619 /* TVExceptionCatcher.m */; };
		58A3B89E74499A8ECF53CDD9 /* PluginRegistry.swift in Sources */ = {isa = PBXBuildFile; fileRef = 80CDDCF7E04C0B8957EB8CEF /* PluginRegistry.swift */; };
		6E6BB776F6E4545A34721393 /* SlideshowView.swift in Sources */ = {isa = PBXBuildFile; fileRef = 3F5C317D1A72C760600DA42D /* SlideshowView.swift */; };
		7089DE528251BC9746C53754 /* TagStore.swift in Sources */ = {isa = PBXBuildFile; fileRef = 7FCB2B4B7D0A2C2059AEBE03 /* TagStore.swift */; };
		7121CEC02561332893D30898 /* PrivacyView.swift in Sources */ = {isa = PBXBuildFile; fileRef = 385582827B8FB3942C356EE5 /* PrivacyView.swift */; };
		7BA82D0875309D6CA0F6B7D3 /* CirclePack.swift in Sources */ = {isa = PBXBuildFile; fileRef = B22DED0C110EF7F8CF7C2E6B /* CirclePack.swift */; };
		848A3FC7734D585EE61402B9 /* StatsView.swift in Sources */ = {isa = PBXBuildFile; fileRef = 515E9CBCE47D2CF35FB855CF /* StatsView.swift */; };
		8B82564CF4AFF9C55889377C /* demo-night.png in Resources */ = {isa = PBXBuildFile; fileRef = 6C46672A0282E0825ED33DD2 /* demo-night.png */; };
		9E65DBDF5162B933EA60FE14 /* SidebarView.swift in Sources */ = {isa = PBXBuildFile; fileRef = B5B282B55068C433819CF615 /* SidebarView.swift */; };
		A4AF5249C04EA23A4717C458 /* FilePreview.swift in Sources */ = {isa = PBXBuildFile; fileRef = 657AC1CAC1FDEA2389E585EA /* FilePreview.swift */; };
		B05CA40DE972117A9C3B8AFF /* VennView.swift in Sources */ = {isa = PBXBuildFile; fileRef = A429FB3EBD72A5FAAD05BDEE /* VennView.swift */; };
		BDE3F59FB6027928A3F71359 /* demo-sunset.png in Resources */ = {isa = PBXBuildFile; fileRef = EFFCE0B5AEE5E01981CB7F12 /* demo-sunset.png */; };
		C07952477346E2443791F571 /* SuggestionService.swift in Sources */ = {isa = PBXBuildFile; fileRef = A93D6386F7A5E3316F03223B /* SuggestionService.swift */; };
		C14AFAA093CF29C2E64BFBC7 /* TutorialOverlay.swift in Sources */ = {isa = PBXBuildFile; fileRef = 245887A7AE045720FF2AD057 /* TutorialOverlay.swift */; };
		C2AB16B6958CA1E93792DE6F /* ThumbnailCache.swift in Sources */ = {isa = PBXBuildFile; fileRef = 59C4E3A3894AA2C2D2826E63 /* ThumbnailCache.swift */; };
		D1F8ED4FDD0E428263AC3E82 /* PluginSettingsView.swift in Sources */ = {isa = PBXBuildFile; fileRef = BEE129AF03AA2CE809A4015F /* PluginSettingsView.swift */; };
		D566F2F4C8BEE89BC0B31A9A /* TagIO.swift in Sources */ = {isa = PBXBuildFile; fileRef = 56EE77C009857BE25A9C6DFE /* TagIO.swift */; };
		E272D1BE93E411DB59DDFA5D /* PluginContract.swift in Sources */ = {isa = PBXBuildFile; fileRef = EE2749A6FEAF7C13BF5F4E41 /* PluginContract.swift */; };
		E79E337DC39FF228D4472737 /* ExploreView.swift in Sources */ = {isa = PBXBuildFile; fileRef = 19747B4E7F1808FFF2AE64A5 /* ExploreView.swift */; };
		F3FB9CE9932A36775699D98E /* Tutorial.swift in Sources */ = {isa = PBXBuildFile; fileRef = 0267C898CAAC4FDC62EDCA5E /* Tutorial.swift */; };
		F6239EA6B9C2F111EFB98C18 /* demo-ocean.png in Resources */ = {isa = PBXBuildFile; fileRef = 6CA8F00A68A5A59D937E5505 /* demo-ocean.png */; };
		F7081E5BBEE896BF43DDE3B9 /* demo-desert.png in Resources */ = {isa = PBXBuildFile; fileRef = EFFE39D29F1F0A35EC68964D /* demo-desert.png */; };
		F7B8B6A3956B1BFE0EBFAD68 /* demo-city.png in Resources */ = {isa = PBXBuildFile; fileRef = 362F9A1380B4B7A8ABB4F812 /* demo-city.png */; };
		FB57CEB2EFC336378942AD9F /* VennLayout.swift in Sources */ = {isa = PBXBuildFile; fileRef = F86689191C11367AB56AD0B9 /* VennLayout.swift */; };
		FC2B18FBA3BB72EDBBCD3EE8 /* TagMapView.swift in Sources */ = {isa = PBXBuildFile; fileRef = CE720A61E4769A5E60B62A72 /* TagMapView.swift */; };
		FD359299D24B14D31A0CD3B5 /* demo-snow.png in Resources */ = {isa = PBXBuildFile; fileRef = E88DA9126F1763CBD9DCF338 /* demo-snow.png */; };
/* End PBXBuildFile section */

/* Begin PBXFileReference section */
		0267C898CAAC4FDC62EDCA5E /* Tutorial.swift */ = {isa = PBXFileReference; lastKnownFileType = sourcecode.swift; path = Tutorial.swift; sourceTree = "<group>"; };
		19747B4E7F1808FFF2AE64A5 /* ExploreView.swift */ = {isa = PBXFileReference; lastKnownFileType = sourcecode.swift; path = ExploreView.swift; sourceTree = "<group>"; };
		1E9FE1CD98B00C98579C61B8 /* Overlap.icns */ = {isa = PBXFileReference; lastKnownFileType = image.icns; path = Overlap.icns; sourceTree = "<group>"; };
		245887A7AE045720FF2AD057 /* TutorialOverlay.swift */ = {isa = PBXFileReference; lastKnownFileType = sourcecode.swift; path = TutorialOverlay.swift; sourceTree = "<group>"; };
		2B9C15B9609A8CAED2BBD620 /* Models.swift */ = {isa = PBXFileReference; lastKnownFileType = sourcecode.swift; path = Models.swift; sourceTree = "<group>"; };
		362F9A1380B4B7A8ABB4F812 /* demo-city.png */ = {isa = PBXFileReference; lastKnownFileType = image.png; path = "demo-city.png"; sourceTree = "<group>"; };
		385582827B8FB3942C356EE5 /* PrivacyView.swift */ = {isa = PBXFileReference; lastKnownFileType = sourcecode.swift; path = PrivacyView.swift; sourceTree = "<group>"; };
		3E120A68CA2D3EED3B3072D2 /* Overlap-Bridging-Header.h */ = {isa = PBXFileReference; lastKnownFileType = sourcecode.c.h; path = "Overlap-Bridging-Header.h"; sourceTree = "<group>"; };
		3F5C317D1A72C760600DA42D /* SlideshowView.swift */ = {isa = PBXFileReference; lastKnownFileType = sourcecode.swift; path = SlideshowView.swift; sourceTree = "<group>"; };
		515E9CBCE47D2CF35FB855CF /* StatsView.swift */ = {isa = PBXFileReference; lastKnownFileType = sourcecode.swift; path = StatsView.swift; sourceTree = "<group>"; };
		56EE77C009857BE25A9C6DFE /* TagIO.swift */ = {isa = PBXFileReference; lastKnownFileType = sourcecode.swift; path = TagIO.swift; sourceTree = "<group>"; };
		59C4E3A3894AA2C2D2826E63 /* ThumbnailCache.swift */ = {isa = PBXFileReference; lastKnownFileType = sourcecode.swift; path = ThumbnailCache.swift; sourceTree = "<group>"; };
		657AC1CAC1FDEA2389E585EA /* FilePreview.swift */ = {isa = PBXFileReference; lastKnownFileType = sourcecode.swift; path = FilePreview.swift; sourceTree = "<group>"; };
		6C46672A0282E0825ED33DD2 /* demo-night.png */ = {isa = PBXFileReference; lastKnownFileType = image.png; path = "demo-night.png"; sourceTree = "<group>"; };
		6CA8F00A68A5A59D937E5505 /* demo-ocean.png */ = {isa = PBXFileReference; lastKnownFileType = image.png; path = "demo-ocean.png"; sourceTree = "<group>"; };
		7FCB2B4B7D0A2C2059AEBE03 /* TagStore.swift */ = {isa = PBXFileReference; lastKnownFileType = sourcecode.swift; path = TagStore.swift; sourceTree = "<group>"; };
		80CDDCF7E04C0B8957EB8CEF /* PluginRegistry.swift */ = {isa = PBXFileReference; lastKnownFileType = sourcecode.swift; path = PluginRegistry.swift; sourceTree = "<group>"; };
		89A47F300D6D684652E8A861 /* QueryBar.swift */ = {isa = PBXFileReference; lastKnownFileType = sourcecode.swift; path = QueryBar.swift; sourceTree = "<group>"; };
		956C68E832660A3C577EDC5B /* ThumbnailCell.swift */ = {isa = PBXFileReference; lastKnownFileType = sourcecode.swift; path = ThumbnailCell.swift; sourceTree = "<group>"; };
		9C8E8108F1CA14CBFA3F0830 /* ResultsGridView.swift */ = {isa = PBXFileReference; lastKnownFileType = sourcecode.swift; path = ResultsGridView.swift; sourceTree = "<group>"; };
		9DC1354E4EC383D845FE2D7A /* PreviewPane.swift */ = {isa = PBXFileReference; lastKnownFileType = sourcecode.swift; path = PreviewPane.swift; sourceTree = "<group>"; };
		A429FB3EBD72A5FAAD05BDEE /* VennView.swift */ = {isa = PBXFileReference; lastKnownFileType = sourcecode.swift; path = VennView.swift; sourceTree = "<group>"; };
		A93D6386F7A5E3316F03223B /* SuggestionService.swift */ = {isa = PBXFileReference; lastKnownFileType = sourcecode.swift; path = SuggestionService.swift; sourceTree = "<group>"; };
		B22DED0C110EF7F8CF7C2E6B /* CirclePack.swift */ = {isa = PBXFileReference; lastKnownFileType = sourcecode.swift; path = CirclePack.swift; sourceTree = "<group>"; };
		B5B282B55068C433819CF615 /* SidebarView.swift */ = {isa = PBXFileReference; lastKnownFileType = sourcecode.swift; path = SidebarView.swift; sourceTree = "<group>"; };
		BEE129AF03AA2CE809A4015F /* PluginSettingsView.swift */ = {isa = PBXFileReference; lastKnownFileType = sourcecode.swift; path = PluginSettingsView.swift; sourceTree = "<group>"; };
		CDFD72BDB677E4DD2A8438F1 /* QuickLookController.swift */ = {isa = PBXFileReference; lastKnownFileType = sourcecode.swift; path = QuickLookController.swift; sourceTree = "<group>"; };
		CE720A61E4769A5E60B62A72 /* TagMapView.swift */ = {isa = PBXFileReference; lastKnownFileType = sourcecode.swift; path = TagMapView.swift; sourceTree = "<group>"; };
		D1F45A6D0FEF48E8E8466FD6 /* Overlap.app */ = {isa = PBXFileReference; explicitFileType = wrapper.application; includeInIndex = 0; path = Overlap.app; sourceTree = BUILT_PRODUCTS_DIR; };
		DC9A63DFD67472CDE62C5C3C /* TVExceptionCatcher.h */ = {isa = PBXFileReference; lastKnownFileType = sourcecode.c.h; path = TVExceptionCatcher.h; sourceTree = "<group>"; };
		E5E2D644A019FBE86AB4F2C6 /* OverlapApp.swift */ = {isa = PBXFileReference; lastKnownFileType = sourcecode.swift; path = OverlapApp.swift; sourceTree = "<group>"; };
		E74FA855F8AE9485FD406E40 /* TutorialHost.swift */ = {isa = PBXFileReference; lastKnownFileType = sourcecode.swift; path = TutorialHost.swift; sourceTree = "<group>"; };
		E88DA9126F1763CBD9DCF338 /* demo-snow.png */ = {isa = PBXFileReference; lastKnownFileType = image.png; path = "demo-snow.png"; sourceTree = "<group>"; };
		EE2749A6FEAF7C13BF5F4E41 /* PluginContract.swift */ = {isa = PBXFileReference; lastKnownFileType = sourcecode.swift; path = PluginContract.swift; sourceTree = "<group>"; };
		EFFCE0B5AEE5E01981CB7F12 /* demo-sunset.png */ = {isa = PBXFileReference; lastKnownFileType = image.png; path = "demo-sunset.png"; sourceTree = "<group>"; };
		EFFE39D29F1F0A35EC68964D /* demo-desert.png */ = {isa = PBXFileReference; lastKnownFileType = image.png; path = "demo-desert.png"; sourceTree = "<group>"; };
		F39B00A4C824AF012E7537BD /* demo-forest.png */ = {isa = PBXFileReference; lastKnownFileType = image.png; path = "demo-forest.png"; sourceTree = "<group>"; };
		F3ADE828C6C52EBADC2E1567 /* demo-flower.png */ = {isa = PBXFileReference; lastKnownFileType = image.png; path = "demo-flower.png"; sourceTree = "<group>"; };
		F86689191C11367AB56AD0B9 /* VennLayout.swift */ = {isa = PBXFileReference; lastKnownFileType = sourcecode.swift; path = VennLayout.swift; sourceTree = "<group>"; };
		FD655206D88A960895B7C619 /* TVExceptionCatcher.m */ = {isa = PBXFileReference; lastKnownFileType = sourcecode.c.objc; path = TVExceptionCatcher.m; sourceTree = "<group>"; };
/* End PBXFileReference section */

/* Begin PBXGroup section */
		056AA80EF23DF3AE3F31CFE5 /* Products */ = {
			isa = PBXGroup;
			children = (
				D1F45A6D0FEF48E8E8466FD6 /* Overlap.app */,
			);
			name = Products;
			sourceTree = "<group>";
		};
		2B637B9B1BA565B8619A7011 = {
			isa = PBXGroup;
			children = (
				C62C9EB7BE7EF74F41519A94 /* Resources */,
				7DA470D6EAD067B8C510C864 /* Sources */,
				056AA80EF23DF3AE3F31CFE5 /* Products */,
			);
			sourceTree = "<group>";
		};
		368E8C31B8CB683538B0A4DC /* TutorialImages */ = {
			isa = PBXGroup;
			children = (
				362F9A1380B4B7A8ABB4F812 /* demo-city.png */,
				EFFE39D29F1F0A35EC68964D /* demo-desert.png */,
				F3ADE828C6C52EBADC2E1567 /* demo-flower.png */,
				F39B00A4C824AF012E7537BD /* demo-forest.png */,
				6C46672A0282E0825ED33DD2 /* demo-night.png */,
				6CA8F00A68A5A59D937E5505 /* demo-ocean.png */,
				E88DA9126F1763CBD9DCF338 /* demo-snow.png */,
				EFFCE0B5AEE5E01981CB7F12 /* demo-sunset.png */,
			);
			path = TutorialImages;
			sourceTree = "<group>";
		};
		7DA470D6EAD067B8C510C864 /* Sources */ = {
			isa = PBXGroup;
			children = (
				B22DED0C110EF7F8CF7C2E6B /* CirclePack.swift */,
				19747B4E7F1808FFF2AE64A5 /* ExploreView.swift */,
				657AC1CAC1FDEA2389E585EA /* FilePreview.swift */,
				2B9C15B9609A8CAED2BBD620 /* Models.swift */,
				3E120A68CA2D3EED3B3072D2 /* Overlap-Bridging-Header.h */,
				E5E2D644A019FBE86AB4F2C6 /* OverlapApp.swift */,
				EE2749A6FEAF7C13BF5F4E41 /* PluginContract.swift */,
				80CDDCF7E04C0B8957EB8CEF /* PluginRegistry.swift */,
				BEE129AF03AA2CE809A4015F /* PluginSettingsView.swift */,
				9DC1354E4EC383D845FE2D7A /* PreviewPane.swift */,
				385582827B8FB3942C356EE5 /* PrivacyView.swift */,
				89A47F300D6D684652E8A861 /* QueryBar.swift */,
				CDFD72BDB677E4DD2A8438F1 /* QuickLookController.swift */,
				9C8E8108F1CA14CBFA3F0830 /* ResultsGridView.swift */,
				B5B282B55068C433819CF615 /* SidebarView.swift */,
				3F5C317D1A72C760600DA42D /* SlideshowView.swift */,
				515E9CBCE47D2CF35FB855CF /* StatsView.swift */,
				A93D6386F7A5E3316F03223B /* SuggestionService.swift */,
				56EE77C009857BE25A9C6DFE /* TagIO.swift */,
				CE720A61E4769A5E60B62A72 /* TagMapView.swift */,
				7FCB2B4B7D0A2C2059AEBE03 /* TagStore.swift */,
				59C4E3A3894AA2C2D2826E63 /* ThumbnailCache.swift */,
				956C68E832660A3C577EDC5B /* ThumbnailCell.swift */,
				0267C898CAAC4FDC62EDCA5E /* Tutorial.swift */,
				E74FA855F8AE9485FD406E40 /* TutorialHost.swift */,
				245887A7AE045720FF2AD057 /* TutorialOverlay.swift */,
				DC9A63DFD67472CDE62C5C3C /* TVExceptionCatcher.h */,
				FD655206D88A960895B7C619 /* TVExceptionCatcher.m */,
				F86689191C11367AB56AD0B9 /* VennLayout.swift */,
				A429FB3EBD72A5FAAD05BDEE /* VennView.swift */,
			);
			path = Sources;
			sourceTree = "<group>";
		};
		C62C9EB7BE7EF74F41519A94 /* Resources */ = {
			isa = PBXGroup;
			children = (
				1E9FE1CD98B00C98579C61B8 /* Overlap.icns */,
				368E8C31B8CB683538B0A4DC /* TutorialImages */,
			);
			path = Resources;
			sourceTree = "<group>";
		};
/* End PBXGroup section */

/* Begin PBXNativeTarget section */
		8E95B97913FF8DE5E7F200D7 /* Overlap */ = {
			isa = PBXNativeTarget;
			buildConfigurationList = 941E7B49CC7F6BD67214FC06 /* Build configuration list for PBXNativeTarget "Overlap" */;
			buildPhases = (
				E809EC63F24E2FB098795958 /* Sources */,
				7E16E70C4747B8E75EB31836 /* Resources */,
			);
			buildRules = (
			);
			dependencies = (
			);
			name = Overlap;
			packageProductDependencies = (
			);
			productName = Overlap;
			productReference = D1F45A6D0FEF48E8E8466FD6 /* Overlap.app */;
			productType = "com.apple.product-type.application";
		};
/* End PBXNativeTarget section */

/* Begin PBXProject section */
		66EA416549FFFC555ABFD400 /* Project object */ = {
			isa = PBXProject;
			attributes = {
				BuildIndependentTargetsInParallel = YES;
				LastUpgradeCheck = 1430;
				TargetAttributes = {
					8E95B97913FF8DE5E7F200D7 = {
						ProvisioningStyle = Automatic;
					};
				};
			};
			buildConfigurationList = 007179EA86BC86183C875795 /* Build configuration list for PBXProject "Overlap" */;
			developmentRegion = en;
			hasScannedForEncodings = 0;
			knownRegions = (
				Base,
				en,
			);
			mainGroup = 2B637B9B1BA565B8619A7011;
			minimizedProjectReferenceProxies = 1;
			preferredProjectObjectVersion = 77;
			productRefGroup = 056AA80EF23DF3AE3F31CFE5 /* Products */;
			projectDirPath = "";
			projectRoot = "";
			targets = (
				8E95B97913FF8DE5E7F200D7 /* Overlap */,
			);
		};
/* End PBXProject section */

/* Begin PBXResourcesBuildPhase section */
		7E16E70C4747B8E75EB31836 /* Resources */ = {
			isa = PBXResourcesBuildPhase;
			buildActionMask = 2147483647;
			files = (
				205BA07F5ED297F3FF765B28 /* Overlap.icns in Resources */,
				F7B8B6A3956B1BFE0EBFAD68 /* demo-city.png in Resources */,
				F7081E5BBEE896BF43DDE3B9 /* demo-desert.png in Resources */,
				439F4D9D19376597EA4CD7B7 /* demo-flower.png in Resources */,
				06720FBE3247BECA14E5BE9D /* demo-forest.png in Resources */,
				8B82564CF4AFF9C55889377C /* demo-night.png in Resources */,
				F6239EA6B9C2F111EFB98C18 /* demo-ocean.png in Resources */,
				FD359299D24B14D31A0CD3B5 /* demo-snow.png in Resources */,
				BDE3F59FB6027928A3F71359 /* demo-sunset.png in Resources */,
			);
			runOnlyForDeploymentPostprocessing = 0;
		};
/* End PBXResourcesBuildPhase section */

/* Begin PBXSourcesBuildPhase section */
		E809EC63F24E2FB098795958 /* Sources */ = {
			isa = PBXSourcesBuildPhase;
			buildActionMask = 2147483647;
			files = (
				7BA82D0875309D6CA0F6B7D3 /* CirclePack.swift in Sources */,
				E79E337DC39FF228D4472737 /* ExploreView.swift in Sources */,
				A4AF5249C04EA23A4717C458 /* FilePreview.swift in Sources */,
				08CD41961A3E1632DB0D4256 /* Models.swift in Sources */,
				41569B206A51BC0ABE25BE60 /* OverlapApp.swift in Sources */,
				E272D1BE93E411DB59DDFA5D /* PluginContract.swift in Sources */,
				58A3B89E74499A8ECF53CDD9 /* PluginRegistry.swift in Sources */,
				D1F8ED4FDD0E428263AC3E82 /* PluginSettingsView.swift in Sources */,
				07D0BDA5185A7D9769FF4E81 /* PreviewPane.swift in Sources */,
				7121CEC02561332893D30898 /* PrivacyView.swift in Sources */,
				44AF7A81E7208F108B82F633 /* QueryBar.swift in Sources */,
				09926E3E73856F45B88ADD2A /* QuickLookController.swift in Sources */,
				4160A953929876308C393B85 /* ResultsGridView.swift in Sources */,
				9E65DBDF5162B933EA60FE14 /* SidebarView.swift in Sources */,
				6E6BB776F6E4545A34721393 /* SlideshowView.swift in Sources */,
				848A3FC7734D585EE61402B9 /* StatsView.swift in Sources */,
				C07952477346E2443791F571 /* SuggestionService.swift in Sources */,
				516197EC1F6C0FE2A8206282 /* TVExceptionCatcher.m in Sources */,
				D566F2F4C8BEE89BC0B31A9A /* TagIO.swift in Sources */,
				FC2B18FBA3BB72EDBBCD3EE8 /* TagMapView.swift in Sources */,
				7089DE528251BC9746C53754 /* TagStore.swift in Sources */,
				C2AB16B6958CA1E93792DE6F /* ThumbnailCache.swift in Sources */,
				2D4AF165C4F11F21C17491F6 /* ThumbnailCell.swift in Sources */,
				F3FB9CE9932A36775699D98E /* Tutorial.swift in Sources */,
				09A8521EA9BC3B7980F57DE9 /* TutorialHost.swift in Sources */,
				C14AFAA093CF29C2E64BFBC7 /* TutorialOverlay.swift in Sources */,
				FB57CEB2EFC336378942AD9F /* VennLayout.swift in Sources */,
				B05CA40DE972117A9C3B8AFF /* VennView.swift in Sources */,
			);
			runOnlyForDeploymentPostprocessing = 0;
		};
/* End PBXSourcesBuildPhase section */

/* Begin XCBuildConfiguration section */
		35842FAAC3E0DBA74B5D9B99 /* Release */ = {
			isa = XCBuildConfiguration;
			buildSettings = {
				ALWAYS_SEARCH_USER_PATHS = NO;
				CLANG_ANALYZER_NONNULL = YES;
				CLANG_ANALYZER_NUMBER_OBJECT_CONVERSION = YES_AGGRESSIVE;
				CLANG_CXX_LANGUAGE_STANDARD = "gnu++14";
				CLANG_CXX_LIBRARY = "libc++";
				CLANG_ENABLE_MODULES = YES;
				CLANG_ENABLE_OBJC_ARC = YES;
				CLANG_ENABLE_OBJC_WEAK = YES;
				CLANG_WARN_BLOCK_CAPTURE_AUTORELEASING = YES;
				CLANG_WARN_BOOL_CONVERSION = YES;
				CLANG_WARN_COMMA = YES;
				CLANG_WARN_CONSTANT_CONVERSION = YES;
				CLANG_WARN_DEPRECATED_OBJC_IMPLEMENTATIONS = YES;
				CLANG_WARN_DIRECT_OBJC_ISA_USAGE = YES_ERROR;
				CLANG_WARN_DOCUMENTATION_COMMENTS = YES;
				CLANG_WARN_EMPTY_BODY = YES;
				CLANG_WARN_ENUM_CONVERSION = YES;
				CLANG_WARN_INFINITE_RECURSION = YES;
				CLANG_WARN_INT_CONVERSION = YES;
				CLANG_WARN_NON_LITERAL_NULL_CONVERSION = YES;
				CLANG_WARN_OBJC_IMPLICIT_RETAIN_SELF = YES;
				CLANG_WARN_OBJC_LITERAL_CONVERSION = YES;
				CLANG_WARN_OBJC_ROOT_CLASS = YES_ERROR;
				CLANG_WARN_QUOTED_INCLUDE_IN_FRAMEWORK_HEADER = YES;
				CLANG_WARN_RANGE_LOOP_ANALYSIS = YES;
				CLANG_WARN_STRICT_PROTOTYPES = YES;
				CLANG_WARN_SUSPICIOUS_MOVE = YES;
				CLANG_WARN_UNGUARDED_AVAILABILITY = YES_AGGRESSIVE;
				CLANG_WARN_UNREACHABLE_CODE = YES;
				CLANG_WARN__DUPLICATE_METHOD_MATCH = YES;
				CODE_SIGNING_ALLOWED = NO;
				CODE_SIGNING_REQUIRED = NO;
				CODE_SIGN_IDENTITY = "-";
				CODE_SIGN_STYLE = Automatic;
				COPY_PHASE_STRIP = NO;
				CURRENT_PROJECT_VERSION = 1;
				DEBUG_INFORMATION_FORMAT = "dwarf-with-dsym";
				ENABLE_HARDENED_RUNTIME = NO;
				ENABLE_NS_ASSERTIONS = NO;
				ENABLE_STRICT_OBJC_MSGSEND = YES;
				GCC_C_LANGUAGE_STANDARD = gnu11;
				GCC_NO_COMMON_BLOCKS = YES;
				GCC_WARN_64_TO_32_BIT_CONVERSION = YES;
				GCC_WARN_ABOUT_RETURN_TYPE = YES_ERROR;
				GCC_WARN_UNDECLARED_SELECTOR = YES;
				GCC_WARN_UNINITIALIZED_AUTOS = YES_AGGRESSIVE;
				GCC_WARN_UNUSED_FUNCTION = YES;
				GCC_WARN_UNUSED_VARIABLE = YES;
				MACOSX_DEPLOYMENT_TARGET = 13.0;
				MARKETING_VERSION = 0.1;
				MTL_ENABLE_DEBUG_INFO = NO;
				MTL_FAST_MATH = YES;
				PRODUCT_NAME = "$(TARGET_NAME)";
				SDKROOT = macosx;
				SWIFT_COMPILATION_MODE = wholemodule;
				SWIFT_OPTIMIZATION_LEVEL = "-O";
				SWIFT_VERSION = 5.0;
			};
			name = Release;
		};
		7272FF743CFA5EC579DFABB0 /* Debug */ = {
			isa = XCBuildConfiguration;
			buildSettings = {
				ASSETCATALOG_COMPILER_APPICON_NAME = "";
				CLANG_ENABLE_MODULES = YES;
				COMBINE_HIDPI_IMAGES = YES;
				INFOPLIST_FILE = Resources/Info.plist;
				LD_RUNPATH_SEARCH_PATHS = (
					"$(inherited)",
					"@executable_path/../Frameworks",
				);
				PRODUCT_BUNDLE_IDENTIFIER = com.mike.overlap;
				SDKROOT = macosx;
				SWIFT_OBJC_BRIDGING_HEADER = "Sources/Overlap-Bridging-Header.h";
			};
			name = Debug;
		};
		88F92FEE9AE948F86B6338A3 /* Release */ = {
			isa = XCBuildConfiguration;
			buildSettings = {
				ASSETCATALOG_COMPILER_APPICON_NAME = "";
				CLANG_ENABLE_MODULES = YES;
				COMBINE_HIDPI_IMAGES = YES;
				INFOPLIST_FILE = Resources/Info.plist;
				LD_RUNPATH_SEARCH_PATHS = (
					"$(inherited)",
					"@executable_path/../Frameworks",
				);
				PRODUCT_BUNDLE_IDENTIFIER = com.mike.overlap;
				SDKROOT = macosx;
				SWIFT_OBJC_BRIDGING_HEADER = "Sources/Overlap-Bridging-Header.h";
			};
			name = Release;
		};
		FD3058CE9DB28A8FD2575CC4 /* Debug */ = {
			isa = XCBuildConfiguration;
			buildSettings = {
				ALWAYS_SEARCH_USER_PATHS = NO;
				CLANG_ANALYZER_NONNULL = YES;
				CLANG_ANALYZER_NUMBER_OBJECT_CONVERSION = YES_AGGRESSIVE;
				CLANG_CXX_LANGUAGE_STANDARD = "gnu++14";
				CLANG_CXX_LIBRARY = "libc++";
				CLANG_ENABLE_MODULES = YES;
				CLANG_ENABLE_OBJC_ARC = YES;
				CLANG_ENABLE_OBJC_WEAK = YES;
				CLANG_WARN_BLOCK_CAPTURE_AUTORELEASING = YES;
				CLANG_WARN_BOOL_CONVERSION = YES;
				CLANG_WARN_COMMA = YES;
				CLANG_WARN_CONSTANT_CONVERSION = YES;
				CLANG_WARN_DEPRECATED_OBJC_IMPLEMENTATIONS = YES;
				CLANG_WARN_DIRECT_OBJC_ISA_USAGE = YES_ERROR;
				CLANG_WARN_DOCUMENTATION_COMMENTS = YES;
				CLANG_WARN_EMPTY_BODY = YES;
				CLANG_WARN_ENUM_CONVERSION = YES;
				CLANG_WARN_INFINITE_RECURSION = YES;
				CLANG_WARN_INT_CONVERSION = YES;
				CLANG_WARN_NON_LITERAL_NULL_CONVERSION = YES;
				CLANG_WARN_OBJC_IMPLICIT_RETAIN_SELF = YES;
				CLANG_WARN_OBJC_LITERAL_CONVERSION = YES;
				CLANG_WARN_OBJC_ROOT_CLASS = YES_ERROR;
				CLANG_WARN_QUOTED_INCLUDE_IN_FRAMEWORK_HEADER = YES;
				CLANG_WARN_RANGE_LOOP_ANALYSIS = YES;
				CLANG_WARN_STRICT_PROTOTYPES = YES;
				CLANG_WARN_SUSPICIOUS_MOVE = YES;
				CLANG_WARN_UNGUARDED_AVAILABILITY = YES_AGGRESSIVE;
				CLANG_WARN_UNREACHABLE_CODE = YES;
				CLANG_WARN__DUPLICATE_METHOD_MATCH = YES;
				CODE_SIGNING_ALLOWED = NO;
				CODE_SIGNING_REQUIRED = NO;
				CODE_SIGN_IDENTITY = "-";
				CODE_SIGN_STYLE = Automatic;
				COPY_PHASE_STRIP = NO;
				CURRENT_PROJECT_VERSION = 1;
				DEBUG_INFORMATION_FORMAT = dwarf;
				ENABLE_HARDENED_RUNTIME = NO;
				ENABLE_STRICT_OBJC_MSGSEND = YES;
				ENABLE_TESTABILITY = YES;
				GCC_C_LANGUAGE_STANDARD = gnu11;
				GCC_DYNAMIC_NO_PIC = NO;
				GCC_NO_COMMON_BLOCKS = YES;
				GCC_OPTIMIZATION_LEVEL = 0;
				GCC_PREPROCESSOR_DEFINITIONS = (
					"$(inherited)",
					"DEBUG=1",
				);
				GCC_WARN_64_TO_32_BIT_CONVERSION = YES;
				GCC_WARN_ABOUT_RETURN_TYPE = YES_ERROR;
				GCC_WARN_UNDECLARED_SELECTOR = YES;
				GCC_WARN_UNINITIALIZED_AUTOS = YES_AGGRESSIVE;
				GCC_WARN_UNUSED_FUNCTION = YES;
				GCC_WARN_UNUSED_VARIABLE = YES;
				MACOSX_DEPLOYMENT_TARGET = 13.0;
				MARKETING_VERSION = 0.1;
				MTL_ENABLE_DEBUG_INFO = INCLUDE_SOURCE;
				MTL_FAST_MATH = YES;
				ONLY_ACTIVE_ARCH = YES;
				PRODUCT_NAME = "$(TARGET_NAME)";
				SDKROOT = macosx;
				SWIFT_ACTIVE_COMPILATION_CONDITIONS = DEBUG;
				SWIFT_OPTIMIZATION_LEVEL = "-Onone";
				SWIFT_VERSION = 5.0;
			};
			name = Debug;
		};
/* End XCBuildConfiguration section */

/* Begin XCConfigurationList section */
		007179EA86BC86183C875795 /* Build configuration list for PBXProject "Overlap" */ = {
			isa = XCConfigurationList;
			buildConfigurations = (
				FD3058CE9DB28A8FD2575CC4 /* Debug */,
				35842FAAC3E0DBA74B5D9B99 /* Release */,
			);
			defaultConfigurationIsVisible = 0;
			defaultConfigurationName = Debug;
		};
		941E7B49CC7F6BD67214FC06 /* Build configuration list for PBXNativeTarget "Overlap" */ = {
			isa = XCConfigurationList;
			buildConfigurations = (
				7272FF743CFA5EC579DFABB0 /* Debug */,
				88F92FEE9AE948F86B6338A3 /* Release */,
			);
			defaultConfigurationIsVisible = 0;
			defaultConfigurationName = Debug;
		};
/* End XCConfigurationList section */
	};
	rootObject = 66EA416549FFFC555ABFD400 /* Project object */;
}
