// !$*UTF8*$!
{
	archiveVersion = 1;
	classes = {
	};
	objectVersion = 77;
	objects = {

/* Begin PBXBuildFile section */
		03DFAD4ADAF164C863D41C38 /* ThumbnailCache.swift in Sources */ = {isa = PBXBuildFile; fileRef = F38F671C68F46EF411F062B6 /* ThumbnailCache.swift */; };
		45E8F29312FF8A178843A2DC /* QuickLookController.swift in Sources */ = {isa = PBXBuildFile; fileRef = 1070664D2D976CB763380FD8 /* QuickLookController.swift */; };
		464C6693755B32C998AE5D0B /* SidebarView.swift in Sources */ = {isa = PBXBuildFile; fileRef = 3D43D4F4CC2F7A359533E82C /* SidebarView.swift */; };
		6A315102F48068784CD450AD /* StatsView.swift in Sources */ = {isa = PBXBuildFile; fileRef = 4C170BC714CBA96FB44B4E14 /* StatsView.swift */; };
		6FB57529F55B674F35592D5E /* TagStore.swift in Sources */ = {isa = PBXBuildFile; fileRef = FA0F1A8183F56A793C9ADD0B /* TagStore.swift */; };
		7C3E4CD116666D0BD88C8354 /* TagIO.swift in Sources */ = {isa = PBXBuildFile; fileRef = E02C9082CE096AF99B5D87D0 /* TagIO.swift */; };
		85E9FF90E880B3AD31C6D94B /* QueryBar.swift in Sources */ = {isa = PBXBuildFile; fileRef = 2DEC630BCFD030C9BA8AC218 /* QueryBar.swift */; };
		8E35D80A4E7BC9589BAC5074 /* TVExceptionCatcher.m in Sources */ = {isa = PBXBuildFile; fileRef = 4B0CEBF02F6869864EB20D97 /* TVExceptionCatcher.m */; };
		A02B72CC5C84B73AE30FEB23 /* ExploreView.swift in Sources */ = {isa = PBXBuildFile; fileRef = FD39DE5CDC4D1A4BE38464EC /* ExploreView.swift */; };
		A159849F810DD2C596FB6E77 /* TagMapView.swift in Sources */ = {isa = PBXBuildFile; fileRef = 091C0CCB4C61B59F3F5BA286 /* TagMapView.swift */; };
		A694E4E8325ADB95155DE584 /* TagVennApp.swift in Sources */ = {isa = PBXBuildFile; fileRef = DCFF6E98BEB92C8D67C1AA57 /* TagVennApp.swift */; };
		A6A879248585D4C04CBADD65 /* Models.swift in Sources */ = {isa = PBXBuildFile; fileRef = 3AEBCE62FA02FC5EC1B67AB2 /* Models.swift */; };
		B5E5AA6F8D735221DEE1FB62 /* CirclePack.swift in Sources */ = {isa = PBXBuildFile; fileRef = B9A8AB78755ED2DF02BB4E14 /* CirclePack.swift */; };
		BEDBFE637ED505C066610F4B /* BlobCloud.swift in Sources */ = {isa = PBXBuildFile; fileRef = 6EFC2216C1780DCAA7411E13 /* BlobCloud.swift */; };
		C2CFAC3A469AA8D7FB6B894D /* VennView.swift in Sources */ = {isa = PBXBuildFile; fileRef = D25B8EFB7236A71E6C041EFD /* VennView.swift */; };
		CBC77E06D41D7AE6F5D658D6 /* PreviewPane.swift in Sources */ = {isa = PBXBuildFile; fileRef = 4D9ADA837D3D06F478566746 /* PreviewPane.swift */; };
		DF44101248DE4C11EAA43D4C /* ClusterView.swift in Sources */ = {isa = PBXBuildFile; fileRef = 1F38E9456057E4D0D42FC4BF /* ClusterView.swift */; };
		DF6F35E2999C68C1E71D7F8A /* ResultsGridView.swift in Sources */ = {isa = PBXBuildFile; fileRef = 61C94B11BB3ECE61E43E7A3B /* ResultsGridView.swift */; };
		E671218C0B7789CD6DC27A6E /* ThumbnailCell.swift in Sources */ = {isa = PBXBuildFile; fileRef = 2BE1F3AE270853C3610F2E98 /* ThumbnailCell.swift */; };
/* End PBXBuildFile section */

/* Begin PBXFileReference section */
		091C0CCB4C61B59F3F5BA286 /* TagMapView.swift */ = {isa = PBXFileReference; lastKnownFileType = sourcecode.swift; path = TagMapView.swift; sourceTree = "<group>"; };
		1070664D2D976CB763380FD8 /* QuickLookController.swift */ = {isa = PBXFileReference; lastKnownFileType = sourcecode.swift; path = QuickLookController.swift; sourceTree = "<group>"; };
		1F38E9456057E4D0D42FC4BF /* ClusterView.swift */ = {isa = PBXFileReference; lastKnownFileType = sourcecode.swift; path = ClusterView.swift; sourceTree = "<group>"; };
		2BE1F3AE270853C3610F2E98 /* ThumbnailCell.swift */ = {isa = PBXFileReference; lastKnownFileType = sourcecode.swift; path = ThumbnailCell.swift; sourceTree = "<group>"; };
		2C080DD16804757D81219018 /* TVExceptionCatcher.h */ = {isa = PBXFileReference; lastKnownFileType = sourcecode.c.h; path = TVExceptionCatcher.h; sourceTree = "<group>"; };
		2DEC630BCFD030C9BA8AC218 /* QueryBar.swift */ = {isa = PBXFileReference; lastKnownFileType = sourcecode.swift; path = QueryBar.swift; sourceTree = "<group>"; };
		3AEBCE62FA02FC5EC1B67AB2 /* Models.swift */ = {isa = PBXFileReference; lastKnownFileType = sourcecode.swift; path = Models.swift; sourceTree = "<group>"; };
		3D43D4F4CC2F7A359533E82C /* SidebarView.swift */ = {isa = PBXFileReference; lastKnownFileType = sourcecode.swift; path = SidebarView.swift; sourceTree = "<group>"; };
		4B0CEBF02F6869864EB20D97 /* TVExceptionCatcher.m */ = {isa = PBXFileReference; lastKnownFileType = sourcecode.c.objc; path = TVExceptionCatcher.m; sourceTree = "<group>"; };
		4C170BC714CBA96FB44B4E14 /* StatsView.swift */ = {isa = PBXFileReference; lastKnownFileType = sourcecode.swift; path = StatsView.swift; sourceTree = "<group>"; };
		4D9ADA837D3D06F478566746 /* PreviewPane.swift */ = {isa = PBXFileReference; lastKnownFileType = sourcecode.swift; path = PreviewPane.swift; sourceTree = "<group>"; };
		61C94B11BB3ECE61E43E7A3B /* ResultsGridView.swift */ = {isa = PBXFileReference; lastKnownFileType = sourcecode.swift; path = ResultsGridView.swift; sourceTree = "<group>"; };
		6EFC2216C1780DCAA7411E13 /* BlobCloud.swift */ = {isa = PBXFileReference; lastKnownFileType = sourcecode.swift; path = BlobCloud.swift; sourceTree = "<group>"; };
		865588F0094CD00F4340DA29 /* TagVenn-Bridging-Header.h */ = {isa = PBXFileReference; lastKnownFileType = sourcecode.c.h; path = "TagVenn-Bridging-Header.h"; sourceTree = "<group>"; };
		8979AE48471A1C908344614C /* TagVenn.app */ = {isa = PBXFileReference; explicitFileType = wrapper.application; includeInIndex = 0; path = TagVenn.app; sourceTree = BUILT_PRODUCTS_DIR; };
		B9A8AB78755ED2DF02BB4E14 /* CirclePack.swift */ = {isa = PBXFileReference; lastKnownFileType = sourcecode.swift; path = CirclePack.swift; sourceTree = "<group>"; };
		D25B8EFB7236A71E6C041EFD /* VennView.swift */ = {isa = PBXFileReference; lastKnownFileType = sourcecode.swift; path = VennView.swift; sourceTree = "<group>"; };
		DCFF6E98BEB92C8D67C1AA57 /* TagVennApp.swift */ = {isa = PBXFileReference; lastKnownFileType = sourcecode.swift; path = TagVennApp.swift; sourceTree = "<group>"; };
		E02C9082CE096AF99B5D87D0 /* TagIO.swift */ = {isa = PBXFileReference; lastKnownFileType = sourcecode.swift; path = TagIO.swift; sourceTree = "<group>"; };
		F38F671C68F46EF411F062B6 /* ThumbnailCache.swift */ = {isa = PBXFileReference; lastKnownFileType = sourcecode.swift; path = ThumbnailCache.swift; sourceTree = "<group>"; };
		FA0F1A8183F56A793C9ADD0B /* TagStore.swift */ = {isa = PBXFileReference; lastKnownFileType = sourcecode.swift; path = TagStore.swift; sourceTree = "<group>"; };
		FD39DE5CDC4D1A4BE38464EC /* ExploreView.swift */ = {isa = PBXFileReference; lastKnownFileType = sourcecode.swift; path = ExploreView.swift; sourceTree = "<group>"; };
/* End PBXFileReference section */

/* Begin PBXGroup section */
		0034E76E7AC74FA44A422750 = {
			isa = PBXGroup;
			children = (
				79ED23B071A84DD48AFE6412 /* Sources */,
				CF95CCF2BED1FC89F57CD251 /* Products */,
			);
			sourceTree = "<group>";
		};
		79ED23B071A84DD48AFE6412 /* Sources */ = {
			isa = PBXGroup;
			children = (
				6EFC2216C1780DCAA7411E13 /* BlobCloud.swift */,
				B9A8AB78755ED2DF02BB4E14 /* CirclePack.swift */,
				1F38E9456057E4D0D42FC4BF /* ClusterView.swift */,
				FD39DE5CDC4D1A4BE38464EC /* ExploreView.swift */,
				3AEBCE62FA02FC5EC1B67AB2 /* Models.swift */,
				4D9ADA837D3D06F478566746 /* PreviewPane.swift */,
				2DEC630BCFD030C9BA8AC218 /* QueryBar.swift */,
				1070664D2D976CB763380FD8 /* QuickLookController.swift */,
				61C94B11BB3ECE61E43E7A3B /* ResultsGridView.swift */,
				3D43D4F4CC2F7A359533E82C /* SidebarView.swift */,
				4C170BC714CBA96FB44B4E14 /* StatsView.swift */,
				E02C9082CE096AF99B5D87D0 /* TagIO.swift */,
				091C0CCB4C61B59F3F5BA286 /* TagMapView.swift */,
				FA0F1A8183F56A793C9ADD0B /* TagStore.swift */,
				865588F0094CD00F4340DA29 /* TagVenn-Bridging-Header.h */,
				DCFF6E98BEB92C8D67C1AA57 /* TagVennApp.swift */,
				F38F671C68F46EF411F062B6 /* ThumbnailCache.swift */,
				2BE1F3AE270853C3610F2E98 /* ThumbnailCell.swift */,
				2C080DD16804757D81219018 /* TVExceptionCatcher.h */,
				4B0CEBF02F6869864EB20D97 /* TVExceptionCatcher.m */,
				D25B8EFB7236A71E6C041EFD /* VennView.swift */,
			);
			path = Sources;
			sourceTree = "<group>";
		};
		CF95CCF2BED1FC89F57CD251 /* Products */ = {
			isa = PBXGroup;
			children = (
				8979AE48471A1C908344614C /* TagVenn.app */,
			);
			name = Products;
			sourceTree = "<group>";
		};
/* End PBXGroup section */

/* Begin PBXNativeTarget section */
		A7DB5AB910B4D74A5CC00342 /* TagVenn */ = {
			isa = PBXNativeTarget;
			buildConfigurationList = 641A335920783E9516A73ABA /* Build configuration list for PBXNativeTarget "TagVenn" */;
			buildPhases = (
				8DAB963BA55B147774F1ED2E /* Sources */,
			);
			buildRules = (
			);
			dependencies = (
			);
			name = TagVenn;
			packageProductDependencies = (
			);
			productName = TagVenn;
			productReference = 8979AE48471A1C908344614C /* TagVenn.app */;
			productType = "com.apple.product-type.application";
		};
/* End PBXNativeTarget section */

/* Begin PBXProject section */
		5B8D270B50BFC1A808312020 /* Project object */ = {
			isa = PBXProject;
			attributes = {
				BuildIndependentTargetsInParallel = YES;
				LastUpgradeCheck = 1430;
				TargetAttributes = {
					A7DB5AB910B4D74A5CC00342 = {
						ProvisioningStyle = Automatic;
					};
				};
			};
			buildConfigurationList = 9F1AE94CE1AEFA85B742432C /* Build configuration list for PBXProject "TagVenn" */;
			developmentRegion = en;
			hasScannedForEncodings = 0;
			knownRegions = (
				Base,
				en,
			);
			mainGroup = 0034E76E7AC74FA44A422750;
			minimizedProjectReferenceProxies = 1;
			preferredProjectObjectVersion = 77;
			productRefGroup = CF95CCF2BED1FC89F57CD251 /* Products */;
			projectDirPath = "";
			projectRoot = "";
			targets = (
				A7DB5AB910B4D74A5CC00342 /* TagVenn */,
			);
		};
/* End PBXProject section */

/* Begin PBXSourcesBuildPhase section */
		8DAB963BA55B147774F1ED2E /* Sources */ = {
			isa = PBXSourcesBuildPhase;
			buildActionMask = 2147483647;
			files = (
				BEDBFE637ED505C066610F4B /* BlobCloud.swift in Sources */,
				B5E5AA6F8D735221DEE1FB62 /* CirclePack.swift in Sources */,
				DF44101248DE4C11EAA43D4C /* ClusterView.swift in Sources */,
				A02B72CC5C84B73AE30FEB23 /* ExploreView.swift in Sources */,
				A6A879248585D4C04CBADD65 /* Models.swift in Sources */,
				CBC77E06D41D7AE6F5D658D6 /* PreviewPane.swift in Sources */,
				85E9FF90E880B3AD31C6D94B /* QueryBar.swift in Sources */,
				45E8F29312FF8A178843A2DC /* QuickLookController.swift in Sources */,
				DF6F35E2999C68C1E71D7F8A /* ResultsGridView.swift in Sources */,
				464C6693755B32C998AE5D0B /* SidebarView.swift in Sources */,
				6A315102F48068784CD450AD /* StatsView.swift in Sources */,
				8E35D80A4E7BC9589BAC5074 /* TVExceptionCatcher.m in Sources */,
				7C3E4CD116666D0BD88C8354 /* TagIO.swift in Sources */,
				A159849F810DD2C596FB6E77 /* TagMapView.swift in Sources */,
				6FB57529F55B674F35592D5E /* TagStore.swift in Sources */,
				A694E4E8325ADB95155DE584 /* TagVennApp.swift in Sources */,
				03DFAD4ADAF164C863D41C38 /* ThumbnailCache.swift in Sources */,
				E671218C0B7789CD6DC27A6E /* ThumbnailCell.swift in Sources */,
				C2CFAC3A469AA8D7FB6B894D /* VennView.swift in Sources */,
			);
			runOnlyForDeploymentPostprocessing = 0;
		};
/* End PBXSourcesBuildPhase section */

/* Begin XCBuildConfiguration section */
		7AE2B71DACE38E718208B7F5 /* Release */ = {
			isa = XCBuildConfiguration;
			buildSettings = {
				ALWAYS_SEARCH_USER_PATHS = NO;
				CLANG_ANALYZER_NONNULL = YES;
				CLANG_ANALYZER_NUMBER_OBJECT_CONVERSION = YES_AGGRESSIVE;
				CLANG_CXX_LANGUAGE_STANDARD = "gnu++14";
				CLANG_CXX_LIBRARY = "libc++";
				CLANG_ENABLE_MODULES = YES;
				CLANG_ENABLE_OBJC_ARC = YES;
				CLANG_ENABLE_OBJC_WEAK = YES;
				CLANG_WARN_BLOCK_CAPTURE_AUTORELEASING = YES;
				CLANG_WARN_BOOL_CONVERSION = YES;
				CLANG_WARN_COMMA = YES;
				CLANG_WARN_CONSTANT_CONVERSION = YES;
				CLANG_WARN_DEPRECATED_OBJC_IMPLEMENTATIONS = YES;
				CLANG_WARN_DIRECT_OBJC_ISA_USAGE = YES_ERROR;
				CLANG_WARN_DOCUMENTATION_COMMENTS = YES;
				CLANG_WARN_EMPTY_BODY = YES;
				CLANG_WARN_ENUM_CONVERSION = YES;
				CLANG_WARN_INFINITE_RECURSION = YES;
				CLANG_WARN_INT_CONVERSION = YES;
				CLANG_WARN_NON_LITERAL_NULL_CONVERSION = YES;
				CLANG_WARN_OBJC_IMPLICIT_RETAIN_SELF = YES;
				CLANG_WARN_OBJC_LITERAL_CONVERSION = YES;
				CLANG_WARN_OBJC_ROOT_CLASS = YES_ERROR;
				CLANG_WARN_QUOTED_INCLUDE_IN_FRAMEWORK_HEADER = YES;
				CLANG_WARN_RANGE_LOOP_ANALYSIS = YES;
				CLANG_WARN_STRICT_PROTOTYPES = YES;
				CLANG_WARN_SUSPICIOUS_MOVE = YES;
				CLANG_WARN_UNGUARDED_AVAILABILITY = YES_AGGRESSIVE;
				CLANG_WARN_UNREACHABLE_CODE = YES;
				CLANG_WARN__DUPLICATE_METHOD_MATCH = YES;
				CODE_SIGNING_ALLOWED = NO;
				CODE_SIGNING_REQUIRED = NO;
				CODE_SIGN_IDENTITY = "-";
				CODE_SIGN_STYLE = Automatic;
				COPY_PHASE_STRIP = NO;
				CURRENT_PROJECT_VERSION = 1;
				DEBUG_INFORMATION_FORMAT = "dwarf-with-dsym";
				ENABLE_HARDENED_RUNTIME = NO;
				ENABLE_NS_ASSERTIONS = NO;
				ENABLE_STRICT_OBJC_MSGSEND = YES;
				GCC_C_LANGUAGE_STANDARD = gnu11;
				GCC_NO_COMMON_BLOCKS = YES;
				GCC_WARN_64_TO_32_BIT_CONVERSION = YES;
				GCC_WARN_ABOUT_RETURN_TYPE = YES_ERROR;
				GCC_WARN_UNDECLARED_SELECTOR = YES;
				GCC_WARN_UNINITIALIZED_AUTOS = YES_AGGRESSIVE;
				GCC_WARN_UNUSED_FUNCTION = YES;
				GCC_WARN_UNUSED_VARIABLE = YES;
				MACOSX_DEPLOYMENT_TARGET = 13.0;
				MARKETING_VERSION = 0.1;
				MTL_ENABLE_DEBUG_INFO = NO;
				MTL_FAST_MATH = YES;
				PRODUCT_NAME = "$(TARGET_NAME)";
				SDKROOT = macosx;
				SWIFT_COMPILATION_MODE = wholemodule;
				SWIFT_OPTIMIZATION_LEVEL = "-O";
				SWIFT_VERSION = 5.0;
			};
			name = Release;
		};
		C0D5E9C5C8E1CC5F633B8D64 /* Release */ = {
			isa = XCBuildConfiguration;
			buildSettings = {
				ASSETCATALOG_COMPILER_APPICON_NAME = "";
				CLANG_ENABLE_MODULES = YES;
				COMBINE_HIDPI_IMAGES = YES;
				INFOPLIST_FILE = Resources/Info.plist;
				LD_RUNPATH_SEARCH_PATHS = (
					"$(inherited)",
					"@executable_path/../Frameworks",
				);
				PRODUCT_BUNDLE_IDENTIFIER = com.mike.tagvenn;
				SDKROOT = macosx;
				SWIFT_OBJC_BRIDGING_HEADER = "Sources/TagVenn-Bridging-Header.h";
			};
			name = Release;
		};
		C106AAF0B932345EBE5D9F7F /* Debug */ = {
			isa = XCBuildConfiguration;
			buildSettings = {
				ALWAYS_SEARCH_USER_PATHS = NO;
				CLANG_ANALYZER_NONNULL = YES;
				CLANG_ANALYZER_NUMBER_OBJECT_CONVERSION = YES_AGGRESSIVE;
				CLANG_CXX_LANGUAGE_STANDARD = "gnu++14";
				CLANG_CXX_LIBRARY = "libc++";
				CLANG_ENABLE_MODULES = YES;
				CLANG_ENABLE_OBJC_ARC = YES;
				CLANG_ENABLE_OBJC_WEAK = YES;
				CLANG_WARN_BLOCK_CAPTURE_AUTORELEASING = YES;
				CLANG_WARN_BOOL_CONVERSION = YES;
				CLANG_WARN_COMMA = YES;
				CLANG_WARN_CONSTANT_CONVERSION = YES;
				CLANG_WARN_DEPRECATED_OBJC_IMPLEMENTATIONS = YES;
				CLANG_WARN_DIRECT_OBJC_ISA_USAGE = YES_ERROR;
				CLANG_WARN_DOCUMENTATION_COMMENTS = YES;
				CLANG_WARN_EMPTY_BODY = YES;
				CLANG_WARN_ENUM_CONVERSION = YES;
				CLANG_WARN_INFINITE_RECURSION = YES;
				CLANG_WARN_INT_CONVERSION = YES;
				CLANG_WARN_NON_LITERAL_NULL_CONVERSION = YES;
				CLANG_WARN_OBJC_IMPLICIT_RETAIN_SELF = YES;
				CLANG_WARN_OBJC_LITERAL_CONVERSION = YES;
				CLANG_WARN_OBJC_ROOT_CLASS = YES_ERROR;
				CLANG_WARN_QUOTED_INCLUDE_IN_FRAMEWORK_HEADER = YES;
				CLANG_WARN_RANGE_LOOP_ANALYSIS = YES;
				CLANG_WARN_STRICT_PROTOTYPES = YES;
				CLANG_WARN_SUSPICIOUS_MOVE = YES;
				CLANG_WARN_UNGUARDED_AVAILABILITY = YES_AGGRESSIVE;
				CLANG_WARN_UNREACHABLE_CODE = YES;
				CLANG_WARN__DUPLICATE_METHOD_MATCH = YES;
				CODE_SIGNING_ALLOWED = NO;
				CODE_SIGNING_REQUIRED = NO;
				CODE_SIGN_IDENTITY = "-";
				CODE_SIGN_STYLE = Automatic;
				COPY_PHASE_STRIP = NO;
				CURRENT_PROJECT_VERSION = 1;
				DEBUG_INFORMATION_FORMAT = dwarf;
				ENABLE_HARDENED_RUNTIME = NO;
				ENABLE_STRICT_OBJC_MSGSEND = YES;
				ENABLE_TESTABILITY = YES;
				GCC_C_LANGUAGE_STANDARD = gnu11;
				GCC_DYNAMIC_NO_PIC = NO;
				GCC_NO_COMMON_BLOCKS = YES;
				GCC_OPTIMIZATION_LEVEL = 0;
				GCC_PREPROCESSOR_DEFINITIONS = (
					"$(inherited)",
					"DEBUG=1",
				);
				GCC_WARN_64_TO_32_BIT_CONVERSION = YES;
				GCC_WARN_ABOUT_RETURN_TYPE = YES_ERROR;
				GCC_WARN_UNDECLARED_SELECTOR = YES;
				GCC_WARN_UNINITIALIZED_AUTOS = YES_AGGRESSIVE;
				GCC_WARN_UNUSED_FUNCTION = YES;
				GCC_WARN_UNUSED_VARIABLE = YES;
				MACOSX_DEPLOYMENT_TARGET = 13.0;
				MARKETING_VERSION = 0.1;
				MTL_ENABLE_DEBUG_INFO = INCLUDE_SOURCE;
				MTL_FAST_MATH = YES;
				ONLY_ACTIVE_ARCH = YES;
				PRODUCT_NAME = "$(TARGET_NAME)";
				SDKROOT = macosx;
				SWIFT_ACTIVE_COMPILATION_CONDITIONS = DEBUG;
				SWIFT_OPTIMIZATION_LEVEL = "-Onone";
				SWIFT_VERSION = 5.0;
			};
			name = Debug;
		};
		D6C5AFBF14D6B2D2A73B7D51 /* Debug */ = {
			isa = XCBuildConfiguration;
			buildSettings = {
				ASSETCATALOG_COMPILER_APPICON_NAME = "";
				CLANG_ENABLE_MODULES = YES;
				COMBINE_HIDPI_IMAGES = YES;
				INFOPLIST_FILE = Resources/Info.plist;
				LD_RUNPATH_SEARCH_PATHS = (
					"$(inherited)",
					"@executable_path/../Frameworks",
				);
				PRODUCT_BUNDLE_IDENTIFIER = com.mike.tagvenn;
				SDKROOT = macosx;
				SWIFT_OBJC_BRIDGING_HEADER = "Sources/TagVenn-Bridging-Header.h";
			};
			name = Debug;
		};
/* End XCBuildConfiguration section */

/* Begin XCConfigurationList section */
		641A335920783E9516A73ABA /* Build configuration list for PBXNativeTarget "TagVenn" */ = {
			isa = XCConfigurationList;
			buildConfigurations = (
				D6C5AFBF14D6B2D2A73B7D51 /* Debug */,
				C0D5E9C5C8E1CC5F633B8D64 /* Release */,
			);
			defaultConfigurationIsVisible = 0;
			defaultConfigurationName = Debug;
		};
		9F1AE94CE1AEFA85B742432C /* Build configuration list for PBXProject "TagVenn" */ = {
			isa = XCConfigurationList;
			buildConfigurations = (
				C106AAF0B932345EBE5D9F7F /* Debug */,
				7AE2B71DACE38E718208B7F5 /* Release */,
			);
			defaultConfigurationIsVisible = 0;
			defaultConfigurationName = Debug;
		};
/* End XCConfigurationList section */
	};
	rootObject = 5B8D270B50BFC1A808312020 /* Project object */;
}
